// !$*UTF8*$!
{
	archiveVersion = 1;
	classes = {
	};
	objectVersion = 56;
	objects = {

/* Begin PBXBuildFile section */
		A988069E2C3568CF005D2F17 /* EduMatrix_EducatorApp.swift in Sources */ = {isa = PBXBuildFile; fileRef = A988069D2C3568CF005D2F17 /* EduMatrix_EducatorApp.swift */; };
		A98806A02C3568CF005D2F17 /* ContentView.swift in Sources */ = {isa = PBXBuildFile; fileRef = A988069F2C3568CF005D2F17 /* ContentView.swift */; };
		A98806A22C3568D0005D2F17 /* Assets.xcassets in Resources */ = {isa = PBXBuildFile; fileRef = A98806A12C3568D0005D2F17 /* Assets.xcassets */; };
		A98806A52C3568D0005D2F17 /* Preview Assets.xcassets in Resources */ = {isa = PBXBuildFile; fileRef = A98806A42C3568D0005D2F17 /* Preview Assets.xcassets */; };
		A98806D12C367861005D2F17 /* GoogleService-Info.plist in Resources */ = {isa = PBXBuildFile; fileRef = A98806D02C367861005D2F17 /* GoogleService-Info.plist */; };
		A98806D42C367945005D2F17 /* FirebaseAnalytics in Frameworks */ = {isa = PBXBuildFile; productRef = A98806D32C367945005D2F17 /* FirebaseAnalytics */; };
		A98806D62C367945005D2F17 /* FirebaseAuth in Frameworks */ = {isa = PBXBuildFile; productRef = A98806D52C367945005D2F17 /* FirebaseAuth */; };
		A98806D82C367945005D2F17 /* FirebaseFirestore in Frameworks */ = {isa = PBXBuildFile; productRef = A98806D72C367945005D2F17 /* FirebaseFirestore */; };
		A98806DA2C367945005D2F17 /* FirebaseStorage in Frameworks */ = {isa = PBXBuildFile; productRef = A98806D92C367945005D2F17 /* FirebaseStorage */; };
/* End PBXBuildFile section */

/* Begin PBXFileReference section */
		A988069A2C3568CF005D2F17 /* EduMatrix Educator.app */ = {isa = PBXFileReference; explicitFileType = wrapper.application; includeInIndex = 0; path = "EduMatrix Educator.app"; sourceTree = BUILT_PRODUCTS_DIR; };
		A988069D2C3568CF005D2F17 /* EduMatrix_EducatorApp.swift */ = {isa = PBXFileReference; lastKnownFileType = sourcecode.swift; path = EduMatrix_EducatorApp.swift; sourceTree = "<group>"; };
		A988069F2C3568CF005D2F17 /* ContentView.swift */ = {isa = PBXFileReference; lastKnownFileType = sourcecode.swift; path = ContentView.swift; sourceTree = "<group>"; };
		A98806A12C3568D0005D2F17 /* Assets.xcassets */ = {isa = PBXFileReference; lastKnownFileType = folder.assetcatalog; path = Assets.xcassets; sourceTree = "<group>"; };
		A98806A42C3568D0005D2F17 /* Preview Assets.xcassets */ = {isa = PBXFileReference; lastKnownFileType = folder.assetcatalog; path = "Preview Assets.xcassets"; sourceTree = "<group>"; };
		A98806D02C367861005D2F17 /* GoogleService-Info.plist */ = {isa = PBXFileReference; fileEncoding = 4; lastKnownFileType = text.plist.xml; path = "GoogleService-Info.plist"; sourceTree = "<group>"; };
/* End PBXFileReference section */

/* Begin PBXFrameworksBuildPhase section */
		A98806972C3568CF005D2F17 /* Frameworks */ = {
			isa = PBXFrameworksBuildPhase;
			buildActionMask = 2147483647;
			files = (
				A98806D42C367945005D2F17 /* FirebaseAnalytics in Frameworks */,
				A98806DA2C367945005D2F17 /* FirebaseStorage in Frameworks */,
				A98806D62C367945005D2F17 /* FirebaseAuth in Frameworks */,
				A98806D82C367945005D2F17 /* FirebaseFirestore in Frameworks */,
			);
			runOnlyForDeploymentPostprocessing = 0;
		};
/* End PBXFrameworksBuildPhase section */

/* Begin PBXGroup section */
		A98806912C3568CF005D2F17 = {
			isa = PBXGroup;
			children = (
				A988069C2C3568CF005D2F17 /* EduMatrix Educator */,
				A988069B2C3568CF005D2F17 /* Products */,
			);
			sourceTree = "<group>";
		};
		A988069B2C3568CF005D2F17 /* Products */ = {
			isa = PBXGroup;
			children = (
				A988069A2C3568CF005D2F17 /* EduMatrix Educator.app */,
			);
			name = Products;
			sourceTree = "<group>";
		};
		A988069C2C3568CF005D2F17 /* EduMatrix Educator */ = {
			isa = PBXGroup;
			children = (
				A98806D02C367861005D2F17 /* GoogleService-Info.plist */,
				A988069D2C3568CF005D2F17 /* EduMatrix_EducatorApp.swift */,
				A988069F2C3568CF005D2F17 /* ContentView.swift */,
				A98806A12C3568D0005D2F17 /* Assets.xcassets */,
				A98806A32C3568D0005D2F17 /* Preview Content */,
			);
			path = "EduMatrix Educator";
			sourceTree = "<group>";
		};
		A98806A32C3568D0005D2F17 /* Preview Content */ = {
			isa = PBXGroup;
			children = (
				A98806A42C3568D0005D2F17 /* Preview Assets.xcassets */,
			);
			path = "Preview Content";
			sourceTree = "<group>";
		};
/* End PBXGroup section */

/* Begin PBXNativeTarget section */
		A98806992C3568CF005D2F17 /* EduMatrix Educator */ = {
			isa = PBXNativeTarget;
			buildConfigurationList = A98806A82C3568D0005D2F17 /* Build configuration list for PBXNativeTarget "EduMatrix Educator" */;
			buildPhases = (
				A98806962C3568CF005D2F17 /* Sources */,
				A98806972C3568CF005D2F17 /* Frameworks */,
				A98806982C3568CF005D2F17 /* Resources */,
			);
			buildRules = (
			);
			dependencies = (
			);
			name = "EduMatrix Educator";
			packageProductDependencies = (
				A98806D32C367945005D2F17 /* FirebaseAnalytics */,
				A98806D52C367945005D2F17 /* FirebaseAuth */,
				A98806D72C367945005D2F17 /* FirebaseFirestore */,
				A98806D92C367945005D2F17 /* FirebaseStorage */,
			);
			productName = "EduMatrix Educator";
			productReference = A988069A2C3568CF005D2F17 /* EduMatrix Educator.app */;
			productType = "com.apple.product-type.application";
		};
/* End PBXNativeTarget section */

/* Begin PBXProject section */
		A98806922C3568CF005D2F17 /* Project object */ = {
			isa = PBXProject;
			attributes = {
				BuildIndependentTargetsInParallel = 1;
				LastSwiftUpdateCheck = 1540;
				LastUpgradeCheck = 1540;
				TargetAttributes = {
					A98806992C3568CF005D2F17 = {
						CreatedOnToolsVersion = 15.4;
					};
				};
			};
			buildConfigurationList = A98806952C3568CF005D2F17 /* Build configuration list for PBXProject "EduMatrix Educator" */;
			compatibilityVersion = "Xcode 14.0";
			developmentRegion = en;
			hasScannedForEncodings = 0;
			knownRegions = (
				en,
				Base,
			);
			mainGroup = A98806912C3568CF005D2F17;
			packageReferences = (
				A98806D22C367945005D2F17 /* XCRemoteSwiftPackageReference "firebase-ios-sdk" */,
			);
			productRefGroup = A988069B2C3568CF005D2F17 /* Products */;
			projectDirPath = "";
			projectRoot = "";
			targets = (
				A98806992C3568CF005D2F17 /* EduMatrix Educator */,
			);
		};
/* End PBXProject section */

/* Begin PBXResourcesBuildPhase section */
		A98806982C3568CF005D2F17 /* Resources */ = {
			isa = PBXResourcesBuildPhase;
			buildActionMask = 2147483647;
			files = (
				A98806A52C3568D0005D2F17 /* Preview Assets.xcassets in Resources */,
				A98806A22C3568D0005D2F17 /* Assets.xcassets in Resources */,
				A98806D12C367861005D2F17 /* GoogleService-Info.plist in Resources */,
			);
			runOnlyForDeploymentPostprocessing = 0;
		};
/* End PBXResourcesBuildPhase section */

/* Begin PBXSourcesBuildPhase section */
		A98806962C3568CF005D2F17 /* Sources */ = {
			isa = PBXSourcesBuildPhase;
			buildActionMask = 2147483647;
			files = (
				A98806A02C3568CF005D2F17 /* ContentView.swift in Sources */,
				A988069E2C3568CF005D2F17 /* EduMatrix_EducatorApp.swift in Sources */,
			);
			runOnlyForDeploymentPostprocessing = 0;
		};
/* End PBXSourcesBuildPhase section */

/* Begin XCBuildConfiguration section */
		A98806A62C3568D0005D2F17 /* Debug */ = {
			isa = XCBuildConfiguration;
			buildSettings = {
				ALWAYS_SEARCH_USER_PATHS = NO;
				ASSETCATALOG_COMPILER_GENERATE_SWIFT_ASSET_SYMBOL_EXTENSIONS = YES;
				CLANG_ANALYZER_NONNULL = YES;
				CLANG_ANALYZER_NUMBER_OBJECT_CONVERSION = YES_AGGRESSIVE;
				CLANG_CXX_LANGUAGE_STANDARD = "gnu++20";
				CLANG_ENABLE_MODULES = YES;
				CLANG_ENABLE_OBJC_ARC = YES;
				CLANG_ENABLE_OBJC_WEAK = YES;
				CLANG_WARN_BLOCK_CAPTURE_AUTORELEASING = YES;
				CLANG_WARN_BOOL_CONVERSION = YES;
				CLANG_WARN_COMMA = YES;
				CLANG_WARN_CONSTANT_CONVERSION = YES;
				CLANG_WARN_DEPRECATED_OBJC_IMPLEMENTATIONS = YES;
				CLANG_WARN_DIRECT_OBJC_ISA_USAGE = YES_ERROR;
				CLANG_WARN_DOCUMENTATION_COMMENTS = YES;
				CLANG_WARN_EMPTY_BODY = YES;
				CLANG_WARN_ENUM_CONVERSION = YES;
				CLANG_WARN_INFINITE_RECURSION = YES;
				CLANG_WARN_INT_CONVERSION = YES;
				CLANG_WARN_NON_LITERAL_NULL_CONVERSION = YES;
				CLANG_WARN_OBJC_IMPLICIT_RETAIN_SELF = YES;
				CLANG_WARN_OBJC_LITERAL_CONVERSION = YES;
				CLANG_WARN_OBJC_ROOT_CLASS = YES_ERROR;
				CLANG_WARN_QUOTED_INCLUDE_IN_FRAMEWORK_HEADER = YES;
				CLANG_WARN_RANGE_LOOP_ANALYSIS = YES;
				CLANG_WARN_STRICT_PROTOTYPES = YES;
				CLANG_WARN_SUSPICIOUS_MOVE = YES;
				CLANG_WARN_UNGUARDED_AVAILABILITY = YES_AGGRESSIVE;
				CLANG_WARN_UNREACHABLE_CODE = YES;
				CLANG_WARN__DUPLICATE_METHOD_MATCH = YES;
				COPY_PHASE_STRIP = NO;
				DEBUG_INFORMATION_FORMAT = dwarf;
				ENABLE_STRICT_OBJC_MSGSEND = YES;
				ENABLE_TESTABILITY = YES;
				ENABLE_USER_SCRIPT_SANDBOXING = YES;
				GCC_C_LANGUAGE_STANDARD = gnu17;
				GCC_DYNAMIC_NO_PIC = NO;
				GCC_NO_COMMON_BLOCKS = YES;
				GCC_OPTIMIZATION_LEVEL = 0;
				GCC_PREPROCESSOR_DEFINITIONS = (
					"DEBUG=1",
					"$(inherited)",
				);
				GCC_WARN_64_TO_32_BIT_CONVERSION = YES;
				GCC_WARN_ABOUT_RETURN_TYPE = YES_ERROR;
				GCC_WARN_UNDECLARED_SELECTOR = YES;
				GCC_WARN_UNINITIALIZED_AUTOS = YES_AGGRESSIVE;
				GCC_WARN_UNUSED_FUNCTION = YES;
				GCC_WARN_UNUSED_VARIABLE = YES;
				IPHONEOS_DEPLOYMENT_TARGET = 17.5;
				LOCALIZATION_PREFERS_STRING_CATALOGS = YES;
				MTL_ENABLE_DEBUG_INFO = INCLUDE_SOURCE;
				MTL_FAST_MATH = YES;
				ONLY_ACTIVE_ARCH = YES;
				SDKROOT = iphoneos;
				SWIFT_ACTIVE_COMPILATION_CONDITIONS = "DEBUG $(inherited)";
				SWIFT_OPTIMIZATION_LEVEL = "-Onone";
			};
			name = Debug;
		};
		A98806A72C3568D0005D2F17 /* Release */ = {
			isa = XCBuildConfiguration;
			buildSettings = {
				ALWAYS_SEARCH_USER_PATHS = NO;
				ASSETCATALOG_COMPILER_GENERATE_SWIFT_ASSET_SYMBOL_EXTENSIONS = YES;
				CLANG_ANALYZER_NONNULL = YES;
				CLANG_ANALYZER_NUMBER_OBJECT_CONVERSION = YES_AGGRESSIVE;
				CLANG_CXX_LANGUAGE_STANDARD = "gnu++20";
				CLANG_ENABLE_MODULES = YES;
				CLANG_ENABLE_OBJC_ARC = YES;
				CLANG_ENABLE_OBJC_WEAK = YES;
				CLANG_WARN_BLOCK_CAPTURE_AUTORELEASING = YES;
				CLANG_WARN_BOOL_CONVERSION = YES;
				CLANG_WARN_COMMA = YES;
				CLANG_WARN_CONSTANT_CONVERSION = YES;
				CLANG_WARN_DEPRECATED_OBJC_IMPLEMENTATIONS = YES;
				CLANG_WARN_DIRECT_OBJC_ISA_USAGE = YES_ERROR;
				CLANG_WARN_DOCUMENTATION_COMMENTS = YES;
				CLANG_WARN_EMPTY_BODY = YES;
				CLANG_WARN_ENUM_CONVERSION = YES;
				CLANG_WARN_INFINITE_RECURSION = YES;
				CLANG_WARN_INT_CONVERSION = YES;
				CLANG_WARN_NON_LITERAL_NULL_CONVERSION = YES;
				CLANG_WARN_OBJC_IMPLICIT_RETAIN_SELF = YES;
				CLANG_WARN_OBJC_LITERAL_CONVERSION = YES;
				CLANG_WARN_OBJC_ROOT_CLASS = YES_ERROR;
				CLANG_WARN_QUOTED_INCLUDE_IN_FRAMEWORK_HEADER = YES;
				CLANG_WARN_RANGE_LOOP_ANALYSIS = YES;
				CLANG_WARN_STRICT_PROTOTYPES = YES;
				CLANG_WARN_SUSPICIOUS_MOVE = YES;
				CLANG_WARN_UNGUARDED_AVAILABILITY = YES_AGGRESSIVE;
				CLANG_WARN_UNREACHABLE_CODE = YES;
				CLANG_WARN__DUPLICATE_METHOD_MATCH = YES;
				COPY_PHASE_STRIP = NO;
				DEBUG_INFORMATION_FORMAT = "dwarf-with-dsym";
				ENABLE_NS_ASSERTIONS = NO;
				ENABLE_STRICT_OBJC_MSGSEND = YES;
				ENABLE_USER_SCRIPT_SANDBOXING = YES;
				GCC_C_LANGUAGE_STANDARD = gnu17;
				GCC_NO_COMMON_BLOCKS = YES;
				GCC_WARN_64_TO_32_BIT_CONVERSION = YES;
				GCC_WARN_ABOUT_RETURN_TYPE = YES_ERROR;
				GCC_WARN_UNDECLARED_SELECTOR = YES;
				GCC_WARN_UNINITIALIZED_AUTOS = YES_AGGRESSIVE;
				GCC_WARN_UNUSED_FUNCTION = YES;
				GCC_WARN_UNUSED_VARIABLE = YES;
				IPHONEOS_DEPLOYMENT_TARGET = 17.5;
				LOCALIZATION_PREFERS_STRING_CATALOGS = YES;
				MTL_ENABLE_DEBUG_INFO = NO;
				MTL_FAST_MATH = YES;
				SDKROOT = iphoneos;
				SWIFT_COMPILATION_MODE = wholemodule;
				VALIDATE_PRODUCT = YES;
			};
			name = Release;
		};
		A98806A92C3568D0005D2F17 /* Debug */ = {
			isa = XCBuildConfiguration;
			buildSettings = {
				ASSETCATALOG_COMPILER_APPICON_NAME = AppIcon;
				ASSETCATALOG_COMPILER_GLOBAL_ACCENT_COLOR_NAME = AccentColor;
				CODE_SIGN_STYLE = Automatic;
				CURRENT_PROJECT_VERSION = 1;
				DEVELOPMENT_ASSET_PATHS = "\"EduMatrix Educator/Preview Content\"";
				ENABLE_PREVIEWS = YES;
				GENERATE_INFOPLIST_FILE = YES;
				INFOPLIST_KEY_UIApplicationSceneManifest_Generation = YES;
				INFOPLIST_KEY_UIApplicationSupportsIndirectInputEvents = YES;
				INFOPLIST_KEY_UILaunchScreen_Generation = YES;
				INFOPLIST_KEY_UISupportedInterfaceOrientations_iPad = "UIInterfaceOrientationPortrait UIInterfaceOrientationPortraitUpsideDown UIInterfaceOrientationLandscapeLeft UIInterfaceOrientationLandscapeRight";
				INFOPLIST_KEY_UISupportedInterfaceOrientations_iPhone = "UIInterfaceOrientationPortrait UIInterfaceOrientationLandscapeLeft UIInterfaceOrientationLandscapeRight";
				LD_RUNPATH_SEARCH_PATHS = (
					"$(inherited)",
					"@executable_path/Frameworks",
				);
				MARKETING_VERSION = 1.0;
				PRODUCT_BUNDLE_IDENTIFIER = "GU.EduMatrix-Educator";
				PRODUCT_NAME = "$(TARGET_NAME)";
				SWIFT_EMIT_LOC_STRINGS = YES;
				SWIFT_VERSION = 5.0;
				TARGETED_DEVICE_FAMILY = "1,2";
			};
			name = Debug;
		};
		A98806AA2C3568D0005D2F17 /* Release */ = {
			isa = XCBuildConfiguration;
			buildSettings = {
				ASSETCATALOG_COMPILER_APPICON_NAME = AppIcon;
				ASSETCATALOG_COMPILER_GLOBAL_ACCENT_COLOR_NAME = AccentColor;
				CODE_SIGN_STYLE = Automatic;
				CURRENT_PROJECT_VERSION = 1;
				DEVELOPMENT_ASSET_PATHS = "\"EduMatrix Educator/Preview Content\"";
				ENABLE_PREVIEWS = YES;
				GENERATE_INFOPLIST_FILE = YES;
				INFOPLIST_KEY_UIApplicationSceneManifest_Generation = YES;
				INFOPLIST_KEY_UIApplicationSupportsIndirectInputEvents = YES;
				INFOPLIST_KEY_UILaunchScreen_Generation = YES;
				INFOPLIST_KEY_UISupportedInterfaceOrientations_iPad = "UIInterfaceOrientationPortrait UIInterfaceOrientationPortraitUpsideDown UIInterfaceOrientationLandscapeLeft UIInterfaceOrientationLandscapeRight";
				INFOPLIST_KEY_UISupportedInterfaceOrientations_iPhone = "UIInterfaceOrientationPortrait UIInterfaceOrientationLandscapeLeft UIInterfaceOrientationLandscapeRight";
				LD_RUNPATH_SEARCH_PATHS = (
					"$(inherited)",
					"@executable_path/Frameworks",
				);
				MARKETING_VERSION = 1.0;
				PRODUCT_BUNDLE_IDENTIFIER = "GU.EduMatrix-Educator";
				PRODUCT_NAME = "$(TARGET_NAME)";
				SWIFT_EMIT_LOC_STRINGS = YES;
				SWIFT_VERSION = 5.0;
				TARGETED_DEVICE_FAMILY = "1,2";
			};
			name = Release;
		};
/* End XCBuildConfiguration section */

/* Begin XCConfigurationList section */
		A98806952C3568CF005D2F17 /* Build configuration list for PBXProject "EduMatrix Educator" */ = {
			isa = XCConfigurationList;
			buildConfigurations = (
				A98806A62C3568D0005D2F17 /* Debug */,
				A98806A72C3568D0005D2F17 /* Release */,
			);
			defaultConfigurationIsVisible = 0;
			defaultConfigurationName = Release;
		};
		A98806A82C3568D0005D2F17 /* Build configuration list for PBXNativeTarget "EduMatrix Educator" */ = {
			isa = XCConfigurationList;
			buildConfigurations = (
				A98806A92C3568D0005D2F17 /* Debug */,
				A98806AA2C3568D0005D2F17 /* Release */,
			);
			defaultConfigurationIsVisible = 0;
			defaultConfigurationName = Release;
		};
/* End XCConfigurationList section */

/* Begin XCRemoteSwiftPackageReference section */
		A98806D22C367945005D2F17 /* XCRemoteSwiftPackageReference "firebase-ios-sdk" */ = {
			isa = XCRemoteSwiftPackageReference;
			repositoryURL = "https://github.com/firebase/firebase-ios-sdk";
			requirement = {
				kind = upToNextMajorVersion;
				minimumVersion = 10.28.1;
			};
		};
/* End XCRemoteSwiftPackageReference section */

/* Begin XCSwiftPackageProductDependency section */
		A98806D32C367945005D2F17 /* FirebaseAnalytics */ = {
			isa = XCSwiftPackageProductDependency;
			package = A98806D22C367945005D2F17 /* XCRemoteSwiftPackageReference "firebase-ios-sdk" */;
			productName = FirebaseAnalytics;
		};
		A98806D52C367945005D2F17 /* FirebaseAuth */ = {
			isa = XCSwiftPackageProductDependency;
			package = A98806D22C367945005D2F17 /* XCRemoteSwiftPackageReference "firebase-ios-sdk" */;
			productName = FirebaseAuth;
		};
		A98806D72C367945005D2F17 /* FirebaseFirestore */ = {
			isa = XCSwiftPackageProductDependency;
			package = A98806D22C367945005D2F17 /* XCRemoteSwiftPackageReference "firebase-ios-sdk" */;
			productName = FirebaseFirestore;
		};
		A98806D92C367945005D2F17 /* FirebaseStorage */ = {
			isa = XCSwiftPackageProductDependency;
			package = A98806D22C367945005D2F17 /* XCRemoteSwiftPackageReference "firebase-ios-sdk" */;
			productName = FirebaseStorage;
		};
/* End XCSwiftPackageProductDependency section */
	};
	rootObject = A98806922C3568CF005D2F17 /* Project object */;
}
