// !$*UTF8*$!
{
	archiveVersion = 1;
	classes = {
	};
	objectVersion = 56;
	objects = {

/* Begin PBXBuildFile section */
		A928210C2C37205600D137B6 /* FirebaseAnalytics in Frameworks */ = {isa = PBXBuildFile; productRef = A98806D32C367945005D2F17 /* FirebaseAnalytics */; };
		A928210D2C37205600D137B6 /* FirebaseAuth in Frameworks */ = {isa = PBXBuildFile; productRef = A98806D52C367945005D2F17 /* FirebaseAuth */; };
		A928210E2C37205600D137B6 /* FirebaseFirestore in Frameworks */ = {isa = PBXBuildFile; productRef = A98806D72C367945005D2F17 /* FirebaseFirestore */; };
		A928210F2C37205600D137B6 /* FirebaseStorage in Frameworks */ = {isa = PBXBuildFile; productRef = A98806D92C367945005D2F17 /* FirebaseStorage */; };
		A92821112C3720B600D137B6 /* GoogleService-Info.plist in Resources */ = {isa = PBXBuildFile; fileRef = A92821102C3720B600D137B6 /* GoogleService-Info.plist */; };
		A988069E2C3568CF005D2F17 /* EduMatrix_EducatorApp.swift in Sources */ = {isa = PBXBuildFile; fileRef = A988069D2C3568CF005D2F17 /* EduMatrix_EducatorApp.swift */; };
		A98806A02C3568CF005D2F17 /* LoginView.swift in Sources */ = {isa = PBXBuildFile; fileRef = A988069F2C3568CF005D2F17 /* LoginView.swift */; };
		A98806A22C3568D0005D2F17 /* Assets.xcassets in Resources */ = {isa = PBXBuildFile; fileRef = A98806A12C3568D0005D2F17 /* Assets.xcassets */; };
		A98806A52C3568D0005D2F17 /* Preview Assets.xcassets in Resources */ = {isa = PBXBuildFile; fileRef = A98806A42C3568D0005D2F17 /* Preview Assets.xcassets */; };
		C54B0A892C37A9EF00A16234 /* Course.swift in Sources */ = {isa = PBXBuildFile; fileRef = C54B0A882C37A9EF00A16234 /* Course.swift */; };
		C54B0A8B2C37ABDE00A16234 /* ContentView.swift in Sources */ = {isa = PBXBuildFile; fileRef = C54B0A8A2C37ABDE00A16234 /* ContentView.swift */; };
		C54B0A8D2C37AD3900A16234 /* HomeView.swift in Sources */ = {isa = PBXBuildFile; fileRef = C54B0A8C2C37AD3900A16234 /* HomeView.swift */; };
		C54B0A8F2C37AF4800A16234 /* CourseView.swift in Sources */ = {isa = PBXBuildFile; fileRef = C54B0A8E2C37AF4800A16234 /* CourseView.swift */; };
		C54B0A972C37C73600A16234 /* ForgotPasswordView.swift in Sources */ = {isa = PBXBuildFile; fileRef = C54B0A962C37C73600A16234 /* ForgotPasswordView.swift */; };
		C54B0A992C37C7D100A16234 /* OTPView.swift in Sources */ = {isa = PBXBuildFile; fileRef = C54B0A982C37C7D100A16234 /* OTPView.swift */; };
		C54B0A9B2C37C88800A16234 /* ResetPasswordView.swift in Sources */ = {isa = PBXBuildFile; fileRef = C54B0A9A2C37C88800A16234 /* ResetPasswordView.swift */; };
		C54B0A9D2C37C94C00A16234 /* ResetSuccessView.swift in Sources */ = {isa = PBXBuildFile; fileRef = C54B0A9C2C37C94C00A16234 /* ResetSuccessView.swift */; };
		C55FD5332C37E6C5007D9C59 /* AddCourse.swift in Sources */ = {isa = PBXBuildFile; fileRef = C55FD5322C37E6C5007D9C59 /* AddCourse.swift */; };
		C55FD5352C37E6FD007D9C59 /* VideoUploadView.swift in Sources */ = {isa = PBXBuildFile; fileRef = C55FD5342C37E6FD007D9C59 /* VideoUploadView.swift */; };
		C55FD5372C37E759007D9C59 /* NoteUploadView.swift in Sources */ = {isa = PBXBuildFile; fileRef = C55FD5362C37E759007D9C59 /* NoteUploadView.swift */; };
		C55FD5392C37E777007D9C59 /* QuizUploadView.swift in Sources */ = {isa = PBXBuildFile; fileRef = C55FD5382C37E777007D9C59 /* QuizUploadView.swift */; };
		C55FD53B2C37E7BA007D9C59 /* FileType.swift in Sources */ = {isa = PBXBuildFile; fileRef = C55FD53A2C37E7BA007D9C59 /* FileType.swift */; };
		C55FD53D2C37F561007D9C59 /* CourseStore.swift in Sources */ = {isa = PBXBuildFile; fileRef = C55FD53C2C37F561007D9C59 /* CourseStore.swift */; };
		C55FD53F2C3814F0007D9C59 /* SearchBar.swift in Sources */ = {isa = PBXBuildFile; fileRef = C55FD53E2C3814F0007D9C59 /* SearchBar.swift */; };
		C55FD5412C38153C007D9C59 /* TopSellingCoursesChart.swift in Sources */ = {isa = PBXBuildFile; fileRef = C55FD5402C38153C007D9C59 /* TopSellingCoursesChart.swift */; };
		C55FD5432C381578007D9C59 /* CourseCard.swift in Sources */ = {isa = PBXBuildFile; fileRef = C55FD5422C381578007D9C59 /* CourseCard.swift */; };
		C55FD5482C395678007D9C59 /* ImagePicker.swift in Sources */ = {isa = PBXBuildFile; fileRef = C55FD5472C395678007D9C59 /* ImagePicker.swift */; };
		C55FD54A2C3956AF007D9C59 /* NotePicker.swift in Sources */ = {isa = PBXBuildFile; fileRef = C55FD5492C3956AF007D9C59 /* NotePicker.swift */; };
		C55FD54C2C39574F007D9C59 /* VideoPicker.swift in Sources */ = {isa = PBXBuildFile; fileRef = C55FD54B2C39574F007D9C59 /* VideoPicker.swift */; };
		C55FD54F2C395A40007D9C59 /* CourseTextFieldView.swift in Sources */ = {isa = PBXBuildFile; fileRef = C55FD54E2C395A40007D9C59 /* CourseTextFieldView.swift */; };
		C55FD5512C395AB6007D9C59 /* CoursePickerView.swift in Sources */ = {isa = PBXBuildFile; fileRef = C55FD5502C395AB6007D9C59 /* CoursePickerView.swift */; };
		C55FD5532C395B4B007D9C59 /* CourseKeywordPickerView.swift in Sources */ = {isa = PBXBuildFile; fileRef = C55FD5522C395B4B007D9C59 /* CourseKeywordPickerView.swift */; };
		C55FD5552C395B65007D9C59 /* CourseImagePicker.swift in Sources */ = {isa = PBXBuildFile; fileRef = C55FD5542C395B65007D9C59 /* CourseImagePicker.swift */; };
		C55FD5572C395B98007D9C59 /* SubmitButton.swift in Sources */ = {isa = PBXBuildFile; fileRef = C55FD5562C395B98007D9C59 /* SubmitButton.swift */; };
		C55FD5592C395BB2007D9C59 /* NavigationLinkButtons.swift in Sources */ = {isa = PBXBuildFile; fileRef = C55FD5582C395BB2007D9C59 /* NavigationLinkButtons.swift */; };
		E5D01D0D2C36829B00C348AD /* PersonalDetailsForm.swift in Sources */ = {isa = PBXBuildFile; fileRef = E5D01D0C2C36829B00C348AD /* PersonalDetailsForm.swift */; };
/* End PBXBuildFile section */

/* Begin PBXFileReference section */
		A92821102C3720B600D137B6 /* GoogleService-Info.plist */ = {isa = PBXFileReference; fileEncoding = 4; lastKnownFileType = text.plist.xml; path = "GoogleService-Info.plist"; sourceTree = "<group>"; };
		A988069A2C3568CF005D2F17 /* EduMatrix Educator.app */ = {isa = PBXFileReference; explicitFileType = wrapper.application; includeInIndex = 0; path = "EduMatrix Educator.app"; sourceTree = BUILT_PRODUCTS_DIR; };
		A988069D2C3568CF005D2F17 /* EduMatrix_EducatorApp.swift */ = {isa = PBXFileReference; lastKnownFileType = sourcecode.swift; path = EduMatrix_EducatorApp.swift; sourceTree = "<group>"; };
		A988069F2C3568CF005D2F17 /* LoginView.swift */ = {isa = PBXFileReference; lastKnownFileType = sourcecode.swift; path = LoginView.swift; sourceTree = "<group>"; };
		A98806A12C3568D0005D2F17 /* Assets.xcassets */ = {isa = PBXFileReference; lastKnownFileType = folder.assetcatalog; path = Assets.xcassets; sourceTree = "<group>"; };
		A98806A42C3568D0005D2F17 /* Preview Assets.xcassets */ = {isa = PBXFileReference; lastKnownFileType = folder.assetcatalog; path = "Preview Assets.xcassets"; sourceTree = "<group>"; };
		C54B0A882C37A9EF00A16234 /* Course.swift */ = {isa = PBXFileReference; lastKnownFileType = sourcecode.swift; path = Course.swift; sourceTree = "<group>"; };
		C54B0A8A2C37ABDE00A16234 /* ContentView.swift */ = {isa = PBXFileReference; lastKnownFileType = sourcecode.swift; path = ContentView.swift; sourceTree = "<group>"; };
		C54B0A8C2C37AD3900A16234 /* HomeView.swift */ = {isa = PBXFileReference; lastKnownFileType = sourcecode.swift; path = HomeView.swift; sourceTree = "<group>"; };
		C54B0A8E2C37AF4800A16234 /* CourseView.swift */ = {isa = PBXFileReference; lastKnownFileType = sourcecode.swift; path = CourseView.swift; sourceTree = "<group>"; };
		C54B0A962C37C73600A16234 /* ForgotPasswordView.swift */ = {isa = PBXFileReference; lastKnownFileType = sourcecode.swift; path = ForgotPasswordView.swift; sourceTree = "<group>"; };
		C54B0A982C37C7D100A16234 /* OTPView.swift */ = {isa = PBXFileReference; lastKnownFileType = sourcecode.swift; path = OTPView.swift; sourceTree = "<group>"; };
		C54B0A9A2C37C88800A16234 /* ResetPasswordView.swift */ = {isa = PBXFileReference; lastKnownFileType = sourcecode.swift; path = ResetPasswordView.swift; sourceTree = "<group>"; };
		C54B0A9C2C37C94C00A16234 /* ResetSuccessView.swift */ = {isa = PBXFileReference; lastKnownFileType = sourcecode.swift; path = ResetSuccessView.swift; sourceTree = "<group>"; };
		C55FD5322C37E6C5007D9C59 /* AddCourse.swift */ = {isa = PBXFileReference; lastKnownFileType = sourcecode.swift; path = AddCourse.swift; sourceTree = "<group>"; };
		C55FD5342C37E6FD007D9C59 /* VideoUploadView.swift */ = {isa = PBXFileReference; lastKnownFileType = sourcecode.swift; path = VideoUploadView.swift; sourceTree = "<group>"; };
		C55FD5362C37E759007D9C59 /* NoteUploadView.swift */ = {isa = PBXFileReference; lastKnownFileType = sourcecode.swift; path = NoteUploadView.swift; sourceTree = "<group>"; };
		C55FD5382C37E777007D9C59 /* QuizUploadView.swift */ = {isa = PBXFileReference; lastKnownFileType = sourcecode.swift; path = QuizUploadView.swift; sourceTree = "<group>"; };
		C55FD53A2C37E7BA007D9C59 /* FileType.swift */ = {isa = PBXFileReference; lastKnownFileType = sourcecode.swift; path = FileType.swift; sourceTree = "<group>"; };
		C55FD53C2C37F561007D9C59 /* CourseStore.swift */ = {isa = PBXFileReference; lastKnownFileType = sourcecode.swift; path = CourseStore.swift; sourceTree = "<group>"; };
		C55FD53E2C3814F0007D9C59 /* SearchBar.swift */ = {isa = PBXFileReference; lastKnownFileType = sourcecode.swift; path = SearchBar.swift; sourceTree = "<group>"; };
		C55FD5402C38153C007D9C59 /* TopSellingCoursesChart.swift */ = {isa = PBXFileReference; lastKnownFileType = sourcecode.swift; path = TopSellingCoursesChart.swift; sourceTree = "<group>"; };
		C55FD5422C381578007D9C59 /* CourseCard.swift */ = {isa = PBXFileReference; lastKnownFileType = sourcecode.swift; path = CourseCard.swift; sourceTree = "<group>"; };
		C55FD5472C395678007D9C59 /* ImagePicker.swift */ = {isa = PBXFileReference; lastKnownFileType = sourcecode.swift; path = ImagePicker.swift; sourceTree = "<group>"; };
		C55FD5492C3956AF007D9C59 /* NotePicker.swift */ = {isa = PBXFileReference; lastKnownFileType = sourcecode.swift; path = NotePicker.swift; sourceTree = "<group>"; };
		C55FD54B2C39574F007D9C59 /* VideoPicker.swift */ = {isa = PBXFileReference; lastKnownFileType = sourcecode.swift; path = VideoPicker.swift; sourceTree = "<group>"; };
		C55FD54E2C395A40007D9C59 /* CourseTextFieldView.swift */ = {isa = PBXFileReference; lastKnownFileType = sourcecode.swift; path = CourseTextFieldView.swift; sourceTree = "<group>"; };
		C55FD5502C395AB6007D9C59 /* CoursePickerView.swift */ = {isa = PBXFileReference; lastKnownFileType = sourcecode.swift; path = CoursePickerView.swift; sourceTree = "<group>"; };
		C55FD5522C395B4B007D9C59 /* CourseKeywordPickerView.swift */ = {isa = PBXFileReference; lastKnownFileType = sourcecode.swift; path = CourseKeywordPickerView.swift; sourceTree = "<group>"; };
		C55FD5542C395B65007D9C59 /* CourseImagePicker.swift */ = {isa = PBXFileReference; lastKnownFileType = sourcecode.swift; path = CourseImagePicker.swift; sourceTree = "<group>"; };
		C55FD5562C395B98007D9C59 /* SubmitButton.swift */ = {isa = PBXFileReference; lastKnownFileType = sourcecode.swift; path = SubmitButton.swift; sourceTree = "<group>"; };
		C55FD5582C395BB2007D9C59 /* NavigationLinkButtons.swift */ = {isa = PBXFileReference; lastKnownFileType = sourcecode.swift; path = NavigationLinkButtons.swift; sourceTree = "<group>"; };
		E5D01D0C2C36829B00C348AD /* PersonalDetailsForm.swift */ = {isa = PBXFileReference; lastKnownFileType = sourcecode.swift; path = PersonalDetailsForm.swift; sourceTree = "<group>"; };
/* End PBXFileReference section */

/* Begin PBXFrameworksBuildPhase section */
		A98806972C3568CF005D2F17 /* Frameworks */ = {
			isa = PBXFrameworksBuildPhase;
			buildActionMask = 2147483647;
			files = (
				A928210F2C37205600D137B6 /* FirebaseStorage in Frameworks */,
				A928210E2C37205600D137B6 /* FirebaseFirestore in Frameworks */,
				A928210D2C37205600D137B6 /* FirebaseAuth in Frameworks */,
				A928210C2C37205600D137B6 /* FirebaseAnalytics in Frameworks */,
			);
			runOnlyForDeploymentPostprocessing = 0;
		};
/* End PBXFrameworksBuildPhase section */

/* Begin PBXGroup section */
		A98806912C3568CF005D2F17 = {
			isa = PBXGroup;
			children = (
				A988069C2C3568CF005D2F17 /* EduMatrix Educator */,
				A988069B2C3568CF005D2F17 /* Products */,
			);
			sourceTree = "<group>";
		};
		A988069B2C3568CF005D2F17 /* Products */ = {
			isa = PBXGroup;
			children = (
				A988069A2C3568CF005D2F17 /* EduMatrix Educator.app */,
			);
			name = Products;
			sourceTree = "<group>";
		};
		A988069C2C3568CF005D2F17 /* EduMatrix Educator */ = {
			isa = PBXGroup;
			children = (
				C55FD5442C394507007D9C59 /* Screens */,
				C54B0A872C37A9B800A16234 /* Model */,
				A92821102C3720B600D137B6 /* GoogleService-Info.plist */,
				A988069D2C3568CF005D2F17 /* EduMatrix_EducatorApp.swift */,
				A98806A12C3568D0005D2F17 /* Assets.xcassets */,
				A98806A32C3568D0005D2F17 /* Preview Content */,
				C54B0A8A2C37ABDE00A16234 /* ContentView.swift */,
				C54B0A8C2C37AD3900A16234 /* HomeView.swift */,
				C55FD53E2C3814F0007D9C59 /* SearchBar.swift */,
				C55FD5402C38153C007D9C59 /* TopSellingCoursesChart.swift */,
				C55FD5422C381578007D9C59 /* CourseCard.swift */,
			);
			path = "EduMatrix Educator";
			sourceTree = "<group>";
		};
		A98806A32C3568D0005D2F17 /* Preview Content */ = {
			isa = PBXGroup;
			children = (
				A98806A42C3568D0005D2F17 /* Preview Assets.xcassets */,
			);
			path = "Preview Content";
			sourceTree = "<group>";
		};
		C54B0A872C37A9B800A16234 /* Model */ = {
			isa = PBXGroup;
			children = (
				C54B0A882C37A9EF00A16234 /* Course.swift */,
			);
			path = Model;
			sourceTree = "<group>";
		};
		C55FD5312C37E681007D9C59 /* CourseViews */ = {
			isa = PBXGroup;
			children = (
				C55FD54D2C395A18007D9C59 /* ReusableViews */,
				C55FD5462C39561D007D9C59 /* Picker */,
				C55FD5322C37E6C5007D9C59 /* AddCourse.swift */,
				C54B0A8E2C37AF4800A16234 /* CourseView.swift */,
				C55FD5342C37E6FD007D9C59 /* VideoUploadView.swift */,
				C55FD5362C37E759007D9C59 /* NoteUploadView.swift */,
				C55FD5382C37E777007D9C59 /* QuizUploadView.swift */,
				C55FD53A2C37E7BA007D9C59 /* FileType.swift */,
				C55FD53C2C37F561007D9C59 /* CourseStore.swift */,
			);
			path = CourseViews;
			sourceTree = "<group>";
		};
		C55FD5442C394507007D9C59 /* Screens */ = {
			isa = PBXGroup;
			children = (
				C55FD5312C37E681007D9C59 /* CourseViews */,
				C55FD5452C394553007D9C59 /* Auth */,
			);
			path = Screens;
			sourceTree = "<group>";
		};
		C55FD5452C394553007D9C59 /* Auth */ = {
			isa = PBXGroup;
			children = (
				A988069F2C3568CF005D2F17 /* LoginView.swift */,
				C54B0A962C37C73600A16234 /* ForgotPasswordView.swift */,
				E5D01D0C2C36829B00C348AD /* PersonalDetailsForm.swift */,
				C54B0A982C37C7D100A16234 /* OTPView.swift */,
				C54B0A9A2C37C88800A16234 /* ResetPasswordView.swift */,
				C54B0A9C2C37C94C00A16234 /* ResetSuccessView.swift */,
			);
			path = Auth;
			sourceTree = "<group>";
		};
		C55FD5462C39561D007D9C59 /* Picker */ = {
			isa = PBXGroup;
			children = (
				C55FD5472C395678007D9C59 /* ImagePicker.swift */,
				C55FD5492C3956AF007D9C59 /* NotePicker.swift */,
				C55FD54B2C39574F007D9C59 /* VideoPicker.swift */,
			);
			path = Picker;
			sourceTree = "<group>";
		};
		C55FD54D2C395A18007D9C59 /* ReusableViews */ = {
			isa = PBXGroup;
			children = (
				C55FD54E2C395A40007D9C59 /* CourseTextFieldView.swift */,
				C55FD5502C395AB6007D9C59 /* CoursePickerView.swift */,
				C55FD5522C395B4B007D9C59 /* CourseKeywordPickerView.swift */,
				C55FD5542C395B65007D9C59 /* CourseImagePicker.swift */,
				C55FD5562C395B98007D9C59 /* SubmitButton.swift */,
				C55FD5582C395BB2007D9C59 /* NavigationLinkButtons.swift */,
			);
			path = ReusableViews;
			sourceTree = "<group>";
		};
/* End PBXGroup section */

/* Begin PBXNativeTarget section */
		A98806992C3568CF005D2F17 /* EduMatrix Educator */ = {
			isa = PBXNativeTarget;
			buildConfigurationList = A98806A82C3568D0005D2F17 /* Build configuration list for PBXNativeTarget "EduMatrix Educator" */;
			buildPhases = (
				A98806962C3568CF005D2F17 /* Sources */,
				A98806972C3568CF005D2F17 /* Frameworks */,
				A98806982C3568CF005D2F17 /* Resources */,
			);
			buildRules = (
			);
			dependencies = (
			);
			name = "EduMatrix Educator";
			packageProductDependencies = (
				A98806D32C367945005D2F17 /* FirebaseAnalytics */,
				A98806D52C367945005D2F17 /* FirebaseAuth */,
				A98806D72C367945005D2F17 /* FirebaseFirestore */,
				A98806D92C367945005D2F17 /* FirebaseStorage */,
			);
			productName = "EduMatrix Educator";
			productReference = A988069A2C3568CF005D2F17 /* EduMatrix Educator.app */;
			productType = "com.apple.product-type.application";
		};
/* End PBXNativeTarget section */

/* Begin PBXProject section */
		A98806922C3568CF005D2F17 /* Project object */ = {
			isa = PBXProject;
			attributes = {
				BuildIndependentTargetsInParallel = 1;
				LastSwiftUpdateCheck = 1540;
				LastUpgradeCheck = 1540;
				TargetAttributes = {
					A98806992C3568CF005D2F17 = {
						CreatedOnToolsVersion = 15.4;
					};
				};
			};
			buildConfigurationList = A98806952C3568CF005D2F17 /* Build configuration list for PBXProject "EduMatrix Educator" */;
			compatibilityVersion = "Xcode 14.0";
			developmentRegion = en;
			hasScannedForEncodings = 0;
			knownRegions = (
				en,
				Base,
			);
			mainGroup = A98806912C3568CF005D2F17;
			packageReferences = (
				A98806D22C367945005D2F17 /* XCRemoteSwiftPackageReference "firebase-ios-sdk" */,
			);
			productRefGroup = A988069B2C3568CF005D2F17 /* Products */;
			projectDirPath = "";
			projectRoot = "";
			targets = (
				A98806992C3568CF005D2F17 /* EduMatrix Educator */,
			);
		};
/* End PBXProject section */

/* Begin PBXResourcesBuildPhase section */
		A98806982C3568CF005D2F17 /* Resources */ = {
			isa = PBXResourcesBuildPhase;
			buildActionMask = 2147483647;
			files = (
				A98806A52C3568D0005D2F17 /* Preview Assets.xcassets in Resources */,
				A98806A22C3568D0005D2F17 /* Assets.xcassets in Resources */,
				A92821112C3720B600D137B6 /* GoogleService-Info.plist in Resources */,
			);
			runOnlyForDeploymentPostprocessing = 0;
		};
/* End PBXResourcesBuildPhase section */

/* Begin PBXSourcesBuildPhase section */
		A98806962C3568CF005D2F17 /* Sources */ = {
			isa = PBXSourcesBuildPhase;
			buildActionMask = 2147483647;
			files = (
				C54B0A8D2C37AD3900A16234 /* HomeView.swift in Sources */,
				C55FD54F2C395A40007D9C59 /* CourseTextFieldView.swift in Sources */,
				C54B0A8F2C37AF4800A16234 /* CourseView.swift in Sources */,
				C54B0A972C37C73600A16234 /* ForgotPasswordView.swift in Sources */,
				C55FD5482C395678007D9C59 /* ImagePicker.swift in Sources */,
				C55FD5392C37E777007D9C59 /* QuizUploadView.swift in Sources */,
				A98806A02C3568CF005D2F17 /* LoginView.swift in Sources */,
				C55FD53F2C3814F0007D9C59 /* SearchBar.swift in Sources */,
				C55FD5352C37E6FD007D9C59 /* VideoUploadView.swift in Sources */,
				C55FD5552C395B65007D9C59 /* CourseImagePicker.swift in Sources */,
				C55FD5332C37E6C5007D9C59 /* AddCourse.swift in Sources */,
				C55FD53D2C37F561007D9C59 /* CourseStore.swift in Sources */,
				C54B0A8B2C37ABDE00A16234 /* ContentView.swift in Sources */,
				C55FD54C2C39574F007D9C59 /* VideoPicker.swift in Sources */,
				C54B0A992C37C7D100A16234 /* OTPView.swift in Sources */,
				C54B0A892C37A9EF00A16234 /* Course.swift in Sources */,
				C55FD54A2C3956AF007D9C59 /* NotePicker.swift in Sources */,
				C54B0A9B2C37C88800A16234 /* ResetPasswordView.swift in Sources */,
				C55FD53B2C37E7BA007D9C59 /* FileType.swift in Sources */,
				C55FD5432C381578007D9C59 /* CourseCard.swift in Sources */,
				A988069E2C3568CF005D2F17 /* EduMatrix_EducatorApp.swift in Sources */,
				C55FD5412C38153C007D9C59 /* TopSellingCoursesChart.swift in Sources */,
				C55FD5592C395BB2007D9C59 /* NavigationLinkButtons.swift in Sources */,
				C55FD5532C395B4B007D9C59 /* CourseKeywordPickerView.swift in Sources */,
				C55FD5372C37E759007D9C59 /* NoteUploadView.swift in Sources */,
				C54B0A9D2C37C94C00A16234 /* ResetSuccessView.swift in Sources */,
				C55FD5572C395B98007D9C59 /* SubmitButton.swift in Sources */,
				E5D01D0D2C36829B00C348AD /* PersonalDetailsForm.swift in Sources */,
				C55FD5512C395AB6007D9C59 /* CoursePickerView.swift in Sources */,
			);
			runOnlyForDeploymentPostprocessing = 0;
		};
/* End PBXSourcesBuildPhase section */

/* Begin XCBuildConfiguration section */
		A98806A62C3568D0005D2F17 /* Debug */ = {
			isa = XCBuildConfiguration;
			buildSettings = {
				ALWAYS_SEARCH_USER_PATHS = NO;
				ASSETCATALOG_COMPILER_GENERATE_SWIFT_ASSET_SYMBOL_EXTENSIONS = YES;
				CLANG_ANALYZER_NONNULL = YES;
				CLANG_ANALYZER_NUMBER_OBJECT_CONVERSION = YES_AGGRESSIVE;
				CLANG_CXX_LANGUAGE_STANDARD = "gnu++20";
				CLANG_ENABLE_MODULES = YES;
				CLANG_ENABLE_OBJC_ARC = YES;
				CLANG_ENABLE_OBJC_WEAK = YES;
				CLANG_WARN_BLOCK_CAPTURE_AUTORELEASING = YES;
				CLANG_WARN_BOOL_CONVERSION = YES;
				CLANG_WARN_COMMA = YES;
				CLANG_WARN_CONSTANT_CONVERSION = YES;
				CLANG_WARN_DEPRECATED_OBJC_IMPLEMENTATIONS = YES;
				CLANG_WARN_DIRECT_OBJC_ISA_USAGE = YES_ERROR;
				CLANG_WARN_DOCUMENTATION_COMMENTS = YES;
				CLANG_WARN_EMPTY_BODY = YES;
				CLANG_WARN_ENUM_CONVERSION = YES;
				CLANG_WARN_INFINITE_RECURSION = YES;
				CLANG_WARN_INT_CONVERSION = YES;
				CLANG_WARN_NON_LITERAL_NULL_CONVERSION = YES;
				CLANG_WARN_OBJC_IMPLICIT_RETAIN_SELF = YES;
				CLANG_WARN_OBJC_LITERAL_CONVERSION = YES;
				CLANG_WARN_OBJC_ROOT_CLASS = YES_ERROR;
				CLANG_WARN_QUOTED_INCLUDE_IN_FRAMEWORK_HEADER = YES;
				CLANG_WARN_RANGE_LOOP_ANALYSIS = YES;
				CLANG_WARN_STRICT_PROTOTYPES = YES;
				CLANG_WARN_SUSPICIOUS_MOVE = YES;
				CLANG_WARN_UNGUARDED_AVAILABILITY = YES_AGGRESSIVE;
				CLANG_WARN_UNREACHABLE_CODE = YES;
				CLANG_WARN__DUPLICATE_METHOD_MATCH = YES;
				COPY_PHASE_STRIP = NO;
				DEBUG_INFORMATION_FORMAT = dwarf;
				ENABLE_STRICT_OBJC_MSGSEND = YES;
				ENABLE_TESTABILITY = YES;
				ENABLE_USER_SCRIPT_SANDBOXING = YES;
				GCC_C_LANGUAGE_STANDARD = gnu17;
				GCC_DYNAMIC_NO_PIC = NO;
				GCC_NO_COMMON_BLOCKS = YES;
				GCC_OPTIMIZATION_LEVEL = 0;
				GCC_PREPROCESSOR_DEFINITIONS = (
					"DEBUG=1",
					"$(inherited)",
				);
				GCC_WARN_64_TO_32_BIT_CONVERSION = YES;
				GCC_WARN_ABOUT_RETURN_TYPE = YES_ERROR;
				GCC_WARN_UNDECLARED_SELECTOR = YES;
				GCC_WARN_UNINITIALIZED_AUTOS = YES_AGGRESSIVE;
				GCC_WARN_UNUSED_FUNCTION = YES;
				GCC_WARN_UNUSED_VARIABLE = YES;
				IPHONEOS_DEPLOYMENT_TARGET = 17.5;
				LOCALIZATION_PREFERS_STRING_CATALOGS = YES;
				MTL_ENABLE_DEBUG_INFO = INCLUDE_SOURCE;
				MTL_FAST_MATH = YES;
				ONLY_ACTIVE_ARCH = YES;
				SDKROOT = iphoneos;
				SWIFT_ACTIVE_COMPILATION_CONDITIONS = "DEBUG $(inherited)";
				SWIFT_OPTIMIZATION_LEVEL = "-Onone";
			};
			name = Debug;
		};
		A98806A72C3568D0005D2F17 /* Release */ = {
			isa = XCBuildConfiguration;
			buildSettings = {
				ALWAYS_SEARCH_USER_PATHS = NO;
				ASSETCATALOG_COMPILER_GENERATE_SWIFT_ASSET_SYMBOL_EXTENSIONS = YES;
				CLANG_ANALYZER_NONNULL = YES;
				CLANG_ANALYZER_NUMBER_OBJECT_CONVERSION = YES_AGGRESSIVE;
				CLANG_CXX_LANGUAGE_STANDARD = "gnu++20";
				CLANG_ENABLE_MODULES = YES;
				CLANG_ENABLE_OBJC_ARC = YES;
				CLANG_ENABLE_OBJC_WEAK = YES;
				CLANG_WARN_BLOCK_CAPTURE_AUTORELEASING = YES;
				CLANG_WARN_BOOL_CONVERSION = YES;
				CLANG_WARN_COMMA = YES;
				CLANG_WARN_CONSTANT_CONVERSION = YES;
				CLANG_WARN_DEPRECATED_OBJC_IMPLEMENTATIONS = YES;
				CLANG_WARN_DIRECT_OBJC_ISA_USAGE = YES_ERROR;
				CLANG_WARN_DOCUMENTATION_COMMENTS = YES;
				CLANG_WARN_EMPTY_BODY = YES;
				CLANG_WARN_ENUM_CONVERSION = YES;
				CLANG_WARN_INFINITE_RECURSION = YES;
				CLANG_WARN_INT_CONVERSION = YES;
				CLANG_WARN_NON_LITERAL_NULL_CONVERSION = YES;
				CLANG_WARN_OBJC_IMPLICIT_RETAIN_SELF = YES;
				CLANG_WARN_OBJC_LITERAL_CONVERSION = YES;
				CLANG_WARN_OBJC_ROOT_CLASS = YES_ERROR;
				CLANG_WARN_QUOTED_INCLUDE_IN_FRAMEWORK_HEADER = YES;
				CLANG_WARN_RANGE_LOOP_ANALYSIS = YES;
				CLANG_WARN_STRICT_PROTOTYPES = YES;
				CLANG_WARN_SUSPICIOUS_MOVE = YES;
				CLANG_WARN_UNGUARDED_AVAILABILITY = YES_AGGRESSIVE;
				CLANG_WARN_UNREACHABLE_CODE = YES;
				CLANG_WARN__DUPLICATE_METHOD_MATCH = YES;
				COPY_PHASE_STRIP = NO;
				DEBUG_INFORMATION_FORMAT = "dwarf-with-dsym";
				ENABLE_NS_ASSERTIONS = NO;
				ENABLE_STRICT_OBJC_MSGSEND = YES;
				ENABLE_USER_SCRIPT_SANDBOXING = YES;
				GCC_C_LANGUAGE_STANDARD = gnu17;
				GCC_NO_COMMON_BLOCKS = YES;
				GCC_WARN_64_TO_32_BIT_CONVERSION = YES;
				GCC_WARN_ABOUT_RETURN_TYPE = YES_ERROR;
				GCC_WARN_UNDECLARED_SELECTOR = YES;
				GCC_WARN_UNINITIALIZED_AUTOS = YES_AGGRESSIVE;
				GCC_WARN_UNUSED_FUNCTION = YES;
				GCC_WARN_UNUSED_VARIABLE = YES;
				IPHONEOS_DEPLOYMENT_TARGET = 17.5;
				LOCALIZATION_PREFERS_STRING_CATALOGS = YES;
				MTL_ENABLE_DEBUG_INFO = NO;
				MTL_FAST_MATH = YES;
				SDKROOT = iphoneos;
				SWIFT_COMPILATION_MODE = wholemodule;
				VALIDATE_PRODUCT = YES;
			};
			name = Release;
		};
		A98806A92C3568D0005D2F17 /* Debug */ = {
			isa = XCBuildConfiguration;
			buildSettings = {
				ASSETCATALOG_COMPILER_APPICON_NAME = AppIcon;
				ASSETCATALOG_COMPILER_GLOBAL_ACCENT_COLOR_NAME = AccentColor;
				CODE_SIGN_STYLE = Automatic;
				CURRENT_PROJECT_VERSION = 1;
				DEVELOPMENT_ASSET_PATHS = "\"EduMatrix Educator/Preview Content\"";
				ENABLE_PREVIEWS = YES;
				GENERATE_INFOPLIST_FILE = YES;
				INFOPLIST_KEY_UIApplicationSceneManifest_Generation = YES;
				INFOPLIST_KEY_UIApplicationSupportsIndirectInputEvents = YES;
				INFOPLIST_KEY_UILaunchScreen_Generation = YES;
				INFOPLIST_KEY_UISupportedInterfaceOrientations_iPad = "UIInterfaceOrientationPortrait UIInterfaceOrientationPortraitUpsideDown UIInterfaceOrientationLandscapeLeft UIInterfaceOrientationLandscapeRight";
				INFOPLIST_KEY_UISupportedInterfaceOrientations_iPhone = "UIInterfaceOrientationPortrait UIInterfaceOrientationLandscapeLeft UIInterfaceOrientationLandscapeRight";
				LD_RUNPATH_SEARCH_PATHS = (
					"$(inherited)",
					"@executable_path/Frameworks",
				);
				MARKETING_VERSION = 1.0;
				PRODUCT_BUNDLE_IDENTIFIER = "GU.EduMatrix-Educator";
				PRODUCT_NAME = "$(TARGET_NAME)";
				SWIFT_EMIT_LOC_STRINGS = YES;
				SWIFT_VERSION = 5.0;
				TARGETED_DEVICE_FAMILY = "1,2";
			};
			name = Debug;
		};
		A98806AA2C3568D0005D2F17 /* Release */ = {
			isa = XCBuildConfiguration;
			buildSettings = {
				ASSETCATALOG_COMPILER_APPICON_NAME = AppIcon;
				ASSETCATALOG_COMPILER_GLOBAL_ACCENT_COLOR_NAME = AccentColor;
				CODE_SIGN_STYLE = Automatic;
				CURRENT_PROJECT_VERSION = 1;
				DEVELOPMENT_ASSET_PATHS = "\"EduMatrix Educator/Preview Content\"";
				ENABLE_PREVIEWS = YES;
				GENERATE_INFOPLIST_FILE = YES;
				INFOPLIST_KEY_UIApplicationSceneManifest_Generation = YES;
				INFOPLIST_KEY_UIApplicationSupportsIndirectInputEvents = YES;
				INFOPLIST_KEY_UILaunchScreen_Generation = YES;
				INFOPLIST_KEY_UISupportedInterfaceOrientations_iPad = "UIInterfaceOrientationPortrait UIInterfaceOrientationPortraitUpsideDown UIInterfaceOrientationLandscapeLeft UIInterfaceOrientationLandscapeRight";
				INFOPLIST_KEY_UISupportedInterfaceOrientations_iPhone = "UIInterfaceOrientationPortrait UIInterfaceOrientationLandscapeLeft UIInterfaceOrientationLandscapeRight";
				LD_RUNPATH_SEARCH_PATHS = (
					"$(inherited)",
					"@executable_path/Frameworks",
				);
				MARKETING_VERSION = 1.0;
				PRODUCT_BUNDLE_IDENTIFIER = "GU.EduMatrix-Educator";
				PRODUCT_NAME = "$(TARGET_NAME)";
				SWIFT_EMIT_LOC_STRINGS = YES;
				SWIFT_VERSION = 5.0;
				TARGETED_DEVICE_FAMILY = "1,2";
			};
			name = Release;
		};
/* End XCBuildConfiguration section */

/* Begin XCConfigurationList section */
		A98806952C3568CF005D2F17 /* Build configuration list for PBXProject "EduMatrix Educator" */ = {
			isa = XCConfigurationList;
			buildConfigurations = (
				A98806A62C3568D0005D2F17 /* Debug */,
				A98806A72C3568D0005D2F17 /* Release */,
			);
			defaultConfigurationIsVisible = 0;
			defaultConfigurationName = Release;
		};
		A98806A82C3568D0005D2F17 /* Build configuration list for PBXNativeTarget "EduMatrix Educator" */ = {
			isa = XCConfigurationList;
			buildConfigurations = (
				A98806A92C3568D0005D2F17 /* Debug */,
				A98806AA2C3568D0005D2F17 /* Release */,
			);
			defaultConfigurationIsVisible = 0;
			defaultConfigurationName = Release;
		};
/* End XCConfigurationList section */

/* Begin XCRemoteSwiftPackageReference section */
		A98806D22C367945005D2F17 /* XCRemoteSwiftPackageReference "firebase-ios-sdk" */ = {
			isa = XCRemoteSwiftPackageReference;
			repositoryURL = "https://github.com/firebase/firebase-ios-sdk";
			requirement = {
				kind = upToNextMajorVersion;
				minimumVersion = 10.28.1;
			};
		};
/* End XCRemoteSwiftPackageReference section */

/* Begin XCSwiftPackageProductDependency section */
		A98806D32C367945005D2F17 /* FirebaseAnalytics */ = {
			isa = XCSwiftPackageProductDependency;
			package = A98806D22C367945005D2F17 /* XCRemoteSwiftPackageReference "firebase-ios-sdk" */;
			productName = FirebaseAnalytics;
		};
		A98806D52C367945005D2F17 /* FirebaseAuth */ = {
			isa = XCSwiftPackageProductDependency;
			package = A98806D22C367945005D2F17 /* XCRemoteSwiftPackageReference "firebase-ios-sdk" */;
			productName = FirebaseAuth;
		};
		A98806D72C367945005D2F17 /* FirebaseFirestore */ = {
			isa = XCSwiftPackageProductDependency;
			package = A98806D22C367945005D2F17 /* XCRemoteSwiftPackageReference "firebase-ios-sdk" */;
			productName = FirebaseFirestore;
		};
		A98806D92C367945005D2F17 /* FirebaseStorage */ = {
			isa = XCSwiftPackageProductDependency;
			package = A98806D22C367945005D2F17 /* XCRemoteSwiftPackageReference "firebase-ios-sdk" */;
			productName = FirebaseStorage;
		};
/* End XCSwiftPackageProductDependency section */
	};
	rootObject = A98806922C3568CF005D2F17 /* Project object */;
}
